{
    "_readme": [
        "This file locks the dependencies of your project to a known state",
        "Read more about it at https://getcomposer.org/doc/01-basic-usage.md#installing-dependencies",
        "This file is @generated automatically"
    ],
    "content-hash": "2f99ab45e03dcfae12da87a08f045ade",
    "packages": [
        {
            "name": "czproject/git-php",
            "version": "v4.6.0",
            "source": {
                "type": "git",
                "url": "https://github.com/czproject/git-php.git",
                "reference": "1f1ecc92aea9ee31120f4f5b759f5aa947420b0a"
            },
            "dist": {
                "type": "zip",
                "url": "https://api.github.com/repos/czproject/git-php/zipball/1f1ecc92aea9ee31120f4f5b759f5aa947420b0a",
                "reference": "1f1ecc92aea9ee31120f4f5b759f5aa947420b0a",
                "shasum": ""
            },
            "require": {
                "php": "8.0 - 8.5"
            },
            "require-dev": {
                "nette/tester": "^2.5"
            },
            "type": "library",
            "autoload": {
                "classmap": [
                    "src/"
                ]
            },
            "notification-url": "https://packagist.org/downloads/",
            "license": [
                "BSD-3-Clause"
            ],
            "authors": [
                {
                    "name": "Jan Pecha",
                    "email": "janpecha@email.cz"
                }
            ],
            "description": "Library for work with Git repository in PHP.",
            "keywords": [
                "git"
            ],
            "support": {
                "issues": "https://github.com/czproject/git-php/issues",
                "source": "https://github.com/czproject/git-php/tree/v4.6.0"
            },
            "funding": [
                {
                    "url": "https://github.com/sponsors/janpecha",
                    "type": "github"
                },
                {
                    "url": "https://www.janpecha.cz/donate/git-php/",
                    "type": "other"
                },
                {
                    "url": "https://donate.stripe.com/7sIcO2a9maTSg2A9AA",
                    "type": "stripe"
                },
                {
                    "url": "https://thanks.dev/u/gh/czproject",
                    "type": "thanks.dev"
                }
            ],
            "time": "2025-11-10T07:24:07+00:00"
        },
        {
            "name": "getkirby/composer-installer",
            "version": "1.2.1",
            "source": {
                "type": "git",
                "url": "https://github.com/getkirby/composer-installer.git",
                "reference": "c98ece30bfba45be7ce457e1102d1b169d922f3d"
            },
            "dist": {
                "type": "zip",
                "url": "https://api.github.com/repos/getkirby/composer-installer/zipball/c98ece30bfba45be7ce457e1102d1b169d922f3d",
                "reference": "c98ece30bfba45be7ce457e1102d1b169d922f3d",
                "shasum": ""
            },
            "require": {
                "composer-plugin-api": "^1.0 || ^2.0"
            },
            "require-dev": {
                "composer/composer": "^1.8 || ^2.0"
            },
            "type": "composer-plugin",
            "extra": {
                "class": "Kirby\\ComposerInstaller\\Plugin"
            },
            "autoload": {
                "psr-4": {
                    "Kirby\\": "src/"
                }
            },
            "notification-url": "https://packagist.org/downloads/",
            "license": [
                "MIT"
            ],
            "description": "Kirby's custom Composer installer for the Kirby CMS and for Kirby plugins",
            "homepage": "https://getkirby.com",
            "support": {
                "issues": "https://github.com/getkirby/composer-installer/issues",
                "source": "https://github.com/getkirby/composer-installer/tree/1.2.1"
            },
            "funding": [
                {
                    "url": "https://getkirby.com/buy",
                    "type": "custom"
                }
            ],
            "time": "2020-12-28T12:54:39+00:00"
        }
    ],
    "packages-dev": [
        {
            "name": "squizlabs/php_codesniffer",
            "version": "3.13.6",
            "source": {
                "type": "git",
                "url": "https://github.com/PHPCSStandards/PHP_CodeSniffer.git",
                "reference": "4c378e1a528ea066890fc2397cbdd2f94eb2fc91"
            },
            "dist": {
                "type": "zip",
                "url": "https://api.github.com/repos/PHPCSStandards/PHP_CodeSniffer/zipball/4c378e1a528ea066890fc2397cbdd2f94eb2fc91",
                "reference": "4c378e1a528ea066890fc2397cbdd2f94eb2fc91",
                "shasum": ""
            },
            "require": {
                "ext-simplexml": "*",
                "ext-tokenizer": "*",
                "ext-xmlwriter": "*",
                "php": ">=5.4.0"
            },
            "require-dev": {
                "phpunit/phpunit": "^4.0 || ^5.0 || ^6.0 || ^7.0 || ^8.0 || ^9.3.4"
            },
            "bin": [
                "bin/phpcbf",
                "bin/phpcs"
            ],
            "type": "library",
            "notification-url": "https://packagist.org/downloads/",
            "license": [
                "BSD-3-Clause"
            ],
            "authors": [
                {
                    "name": "Greg Sherwood",
                    "role": "Former lead"
                },
                {
                    "name": "Juliette Reinders Folmer",
                    "role": "Current lead"
                },
                {
                    "name": "Contributors",
                    "homepage": "https://github.com/PHPCSStandards/PHP_CodeSniffer/graphs/contributors"
                }
            ],
            "description": "PHP_CodeSniffer tokenizes PHP, JavaScript and CSS files and detects violations of a defined set of coding standards.",
            "homepage": "https://github.com/PHPCSStandards/PHP_CodeSniffer",
            "keywords": [
                "phpcs",
                "standards",
                "static analysis"
            ],
            "support": {
                "issues": "https://github.com/PHPCSStandards/PHP_CodeSniffer/issues",
                "security": "https://github.com/PHPCSStandards/PHP_CodeSniffer/security/policy",
                "source": "https://github.com/PHPCSStandards/PHP_CodeSniffer",
                "wiki": "https://github.com/PHPCSStandards/PHP_CodeSniffer/wiki"
            },
            "funding": [
                {
                    "url": "https://github.com/PHPCSStandards",
                    "type": "github"
                },
                {
                    "url": "https://github.com/jrfnl",
                    "type": "github"
                },
                {
                    "url": "https://opencollective.com/php_codesniffer",
                    "type": "open_collective"
                },
                {
                    "url": "https://thanks.dev/u/gh/phpcsstandards",
                    "type": "thanks_dev"
                }
            ],
            "time": "2026-08-06T00:17:32+00:00"
        }
    ],
    "aliases": [],
    "minimum-stability": "stable",
    "stability-flags": {},
    "prefer-stable": false,
    "prefer-lowest": false,
    "platform": {},
    "platform-dev": {},
    "plugin-api-version": "2.9.0"
}
